
Microsoft Visual Studio Solution File, Format Version 12.00
# Visual Studio 2012
Project("{FAE04EC0-301F-11D3-BF4B-00C04F79EFBC}") = "Scrabble", "ScrabbleGenerator\Scrabble.csproj", "{0543C11D-F6D7-4B73-BD38-16AD98A5D2AD}"
EndProject
Project("{FAE04EC0-301F-11D3-BF4B-00C04F79EFBC}") = "ScrabbleWordFinder", "ScrabbleWordFinder\ScrabbleWordFinder.csproj", "{3E5025F8-7277-4B71-8D58-AB38F7DCAE68}"
EndProject
Global
	GlobalSection(SolutionConfigurationPlatforms) = preSolution
		Debug|Any CPU = Debug|Any CPU
		Release|Any CPU = Release|Any CPU
	EndGlobalSection
	GlobalSection(ProjectConfigurationPlatforms) = postSolution
		{0543C11D-F6D7-4B73-BD38-16AD98A5D2AD}.Debug|Any CPU.ActiveCfg = Debug|Any CPU
		{0543C11D-F6D7-4B73-BD38-16AD98A5D2AD}.Debug|Any CPU.Build.0 = Debug|Any CPU
		{0543C11D-F6D7-4B73-BD38-16AD98A5D2AD}.Release|Any CPU.ActiveCfg = Release|Any CPU
		{0543C11D-F6D7-4B73-BD38-16AD98A5D2AD}.Release|Any CPU.Build.0 = Release|Any CPU
		{3E5025F8-7277-4B71-8D58-AB38F7DCAE68}.Debug|Any CPU.ActiveCfg = Debug|Any CPU
		{3E5025F8-7277-4B71-8D58-AB38F7DCAE68}.Debug|Any CPU.Build.0 = Debug|Any CPU
		{3E5025F8-7277-4B71-8D58-AB38F7DCAE68}.Release|Any CPU.ActiveCfg = Release|Any CPU
		{3E5025F8-7277-4B71-8D58-AB38F7DCAE68}.Release|Any CPU.Build.0 = Release|Any CPU
	EndGlobalSection
	GlobalSection(SolutionProperties) = preSolution
		HideSolutionNode = FALSE
	EndGlobalSection
EndGlobal
